
Microsoft Visual Studio Solution File, Format Version 12.00
# Visual Studio Version 17
VisualStudioVersion = 17.8.34408.163
MinimumVisualStudioVersion = 10.0.40219.1
Project("{FAE04EC0-301F-11D3-BF4B-00C04F79EFBC}") = "StockApp", "StockApp\StockApp.csproj", "{7E6F8B24-E891-4720-AA64-B7709F3BC767}"
EndProject
Global
	GlobalSection(SolutionConfigurationPlatforms) = preSolution
		Debug|Any CPU = Debug|Any CPU
		Release|Any CPU = Release|Any CPU
	EndGlobalSection
	GlobalSection(ProjectConfigurationPlatforms) = postSolution
		{7E6F8B24-E891-4720-AA64-B7709F3BC767}.Debug|Any CPU.ActiveCfg = Debug|Any CPU
		{7E6F8B24-E891-4720-AA64-B7709F3BC767}.Debug|Any CPU.Build.0 = Debug|Any CPU
		{7E6F8B24-E891-4720-AA64-B7709F3BC767}.Release|Any CPU.ActiveCfg = Release|Any CPU
		{7E6F8B24-E891-4720-AA64-B7709F3BC767}.Release|Any CPU.Build.0 = Release|Any CPU
	EndGlobalSection
	GlobalSection(SolutionProperties) = preSolution
		HideSolutionNode = FALSE
	EndGlobalSection
	GlobalSection(ExtensibilityGlobals) = postSolution
		SolutionGuid = {A64981A4-B2AE-4063-9BCE-6A1BF5F0F05D}
	EndGlobalSection
EndGlobal
